
Microsoft Visual Studio Solution File, Format Version 12.00
# Visual Studio 2013
VisualStudioVersion = 12.0.21005.1
MinimumVisualStudioVersion = 10.0.40219.1
Project("{FAE04EC0-301F-11D3-BF4B-00C04F79EFBC}") = "SquareRoot", "SquareRoot\SquareRoot.csproj", "{52332166-1CFB-49E5-BC1D-20E8E4CF66F2}"
EndProject
Project("{FAE04EC0-301F-11D3-BF4B-00C04F79EFBC}") = "EnterNumbers", "EnterNumbers\EnterNumbers.csproj", "{B77107ED-E2AA-4AC6-A77B-90519821F1DA}"
EndProject
Project("{FAE04EC0-301F-11D3-BF4B-00C04F79EFBC}") = "ReadFileContents", "ReadFileContents\ReadFileContents.csproj", "{AE1B84AD-2654-4B5D-974F-1B23E72DC61F}"
EndProject
Project("{FAE04EC0-301F-11D3-BF4B-00C04F79EFBC}") = "Download file", "Download file\Download file.csproj", "{A21FE326-2D1F-4939-A6A8-54BA0DF6BBA5}"
EndProject
Global
	GlobalSection(SolutionConfigurationPlatforms) = preSolution
		Debug|Any CPU = Debug|Any CPU
		Release|Any CPU = Release|Any CPU
	EndGlobalSection
	GlobalSection(ProjectConfigurationPlatforms) = postSolution
		{52332166-1CFB-49E5-BC1D-20E8E4CF66F2}.Debug|Any CPU.ActiveCfg = Debug|Any CPU
		{52332166-1CFB-49E5-BC1D-20E8E4CF66F2}.Debug|Any CPU.Build.0 = Debug|Any CPU
		{52332166-1CFB-49E5-BC1D-20E8E4CF66F2}.Release|Any CPU.ActiveCfg = Release|Any CPU
		{52332166-1CFB-49E5-BC1D-20E8E4CF66F2}.Release|Any CPU.Build.0 = Release|Any CPU
		{B77107ED-E2AA-4AC6-A77B-90519821F1DA}.Debug|Any CPU.ActiveCfg = Debug|Any CPU
		{B77107ED-E2AA-4AC6-A77B-90519821F1DA}.Debug|Any CPU.Build.0 = Debug|Any CPU
		{B77107ED-E2AA-4AC6-A77B-90519821F1DA}.Release|Any CPU.ActiveCfg = Release|Any CPU
		{B77107ED-E2AA-4AC6-A77B-90519821F1DA}.Release|Any CPU.Build.0 = Release|Any CPU
		{AE1B84AD-2654-4B5D-974F-1B23E72DC61F}.Debug|Any CPU.ActiveCfg = Debug|Any CPU
		{AE1B84AD-2654-4B5D-974F-1B23E72DC61F}.Debug|Any CPU.Build.0 = Debug|Any CPU
		{AE1B84AD-2654-4B5D-974F-1B23E72DC61F}.Release|Any CPU.ActiveCfg = Release|Any CPU
		{AE1B84AD-2654-4B5D-974F-1B23E72DC61F}.Release|Any CPU.Build.0 = Release|Any CPU
		{A21FE326-2D1F-4939-A6A8-54BA0DF6BBA5}.Debug|Any CPU.ActiveCfg = Debug|Any CPU
		{A21FE326-2D1F-4939-A6A8-54BA0DF6BBA5}.Debug|Any CPU.Build.0 = Debug|Any CPU
		{A21FE326-2D1F-4939-A6A8-54BA0DF6BBA5}.Release|Any CPU.ActiveCfg = Release|Any CPU
		{A21FE326-2D1F-4939-A6A8-54BA0DF6BBA5}.Release|Any CPU.Build.0 = Release|Any CPU
	EndGlobalSection
	GlobalSection(SolutionProperties) = preSolution
		HideSolutionNode = FALSE
	EndGlobalSection
EndGlobal
