
Microsoft Visual Studio Solution File, Format Version 12.00
# Visual Studio 2013
VisualStudioVersion = 12.0.30501.0
MinimumVisualStudioVersion = 10.0.40219.1
Project("{FAE04EC0-301F-11D3-BF4B-00C04F79EFBC}") = "HW6JS", "HW6JS\HW6JS.csproj", "{B43135AC-48DE-4A7E-87CC-94225A391D2B}"
EndProject
Global
	GlobalSection(SolutionConfigurationPlatforms) = preSolution
		Debug|Any CPU = Debug|Any CPU
		Release|Any CPU = Release|Any CPU
	EndGlobalSection
	GlobalSection(ProjectConfigurationPlatforms) = postSolution
		{B43135AC-48DE-4A7E-87CC-94225A391D2B}.Debug|Any CPU.ActiveCfg = Debug|Any CPU
		{B43135AC-48DE-4A7E-87CC-94225A391D2B}.Debug|Any CPU.Build.0 = Debug|Any CPU
		{B43135AC-48DE-4A7E-87CC-94225A391D2B}.Release|Any CPU.ActiveCfg = Release|Any CPU
		{B43135AC-48DE-4A7E-87CC-94225A391D2B}.Release|Any CPU.Build.0 = Release|Any CPU
	EndGlobalSection
	GlobalSection(SolutionProperties) = preSolution
		HideSolutionNode = FALSE
	EndGlobalSection
EndGlobal
