
Microsoft Visual Studio Solution File, Format Version 12.00
# Visual Studio 2013
VisualStudioVersion = 12.0.21005.1
MinimumVisualStudioVersion = 10.0.40219.1
Project("{FAE04EC0-301F-11D3-BF4B-00C04F79EFBC}") = "StringBuilder.Substring", "StringBuilder.Substring\StringBuilder.Substring.csproj", "{31E93ED5-970A-490D-B1C8-116ABD31F4AB}"
EndProject
Project("{FAE04EC0-301F-11D3-BF4B-00C04F79EFBC}") = "IEnumerable extensions", "IEnumerable extensions\IEnumerable extensions.csproj", "{B2025540-8E3D-427A-9092-DDAAEC3A3E66}"
EndProject
Project("{FAE04EC0-301F-11D3-BF4B-00C04F79EFBC}") = "First before last", "First before last\First before last.csproj", "{A308C1F3-51E2-48BC-B78D-5746D5EF46B5}"
EndProject
Project("{FAE04EC0-301F-11D3-BF4B-00C04F79EFBC}") = "Divisible by 7 and 3", "Divisible by 7 and 3\Divisible by 7 and 3.csproj", "{F9D73ADF-BD16-40E0-BE76-EF276CE009A6}"
EndProject
Project("{FAE04EC0-301F-11D3-BF4B-00C04F79EFBC}") = "Student groups", "Student groups\Student groups.csproj", "{5F02BCD3-FB63-443F-ACB1-A79A3063D119}"
EndProject
Global
	GlobalSection(SolutionConfigurationPlatforms) = preSolution
		Debug|Any CPU = Debug|Any CPU
		Release|Any CPU = Release|Any CPU
	EndGlobalSection
	GlobalSection(ProjectConfigurationPlatforms) = postSolution
		{31E93ED5-970A-490D-B1C8-116ABD31F4AB}.Debug|Any CPU.ActiveCfg = Debug|Any CPU
		{31E93ED5-970A-490D-B1C8-116ABD31F4AB}.Debug|Any CPU.Build.0 = Debug|Any CPU
		{31E93ED5-970A-490D-B1C8-116ABD31F4AB}.Release|Any CPU.ActiveCfg = Release|Any CPU
		{31E93ED5-970A-490D-B1C8-116ABD31F4AB}.Release|Any CPU.Build.0 = Release|Any CPU
		{B2025540-8E3D-427A-9092-DDAAEC3A3E66}.Debug|Any CPU.ActiveCfg = Debug|Any CPU
		{B2025540-8E3D-427A-9092-DDAAEC3A3E66}.Debug|Any CPU.Build.0 = Debug|Any CPU
		{B2025540-8E3D-427A-9092-DDAAEC3A3E66}.Release|Any CPU.ActiveCfg = Release|Any CPU
		{B2025540-8E3D-427A-9092-DDAAEC3A3E66}.Release|Any CPU.Build.0 = Release|Any CPU
		{A308C1F3-51E2-48BC-B78D-5746D5EF46B5}.Debug|Any CPU.ActiveCfg = Debug|Any CPU
		{A308C1F3-51E2-48BC-B78D-5746D5EF46B5}.Debug|Any CPU.Build.0 = Debug|Any CPU
		{A308C1F3-51E2-48BC-B78D-5746D5EF46B5}.Release|Any CPU.ActiveCfg = Release|Any CPU
		{A308C1F3-51E2-48BC-B78D-5746D5EF46B5}.Release|Any CPU.Build.0 = Release|Any CPU
		{F9D73ADF-BD16-40E0-BE76-EF276CE009A6}.Debug|Any CPU.ActiveCfg = Debug|Any CPU
		{F9D73ADF-BD16-40E0-BE76-EF276CE009A6}.Debug|Any CPU.Build.0 = Debug|Any CPU
		{F9D73ADF-BD16-40E0-BE76-EF276CE009A6}.Release|Any CPU.ActiveCfg = Release|Any CPU
		{F9D73ADF-BD16-40E0-BE76-EF276CE009A6}.Release|Any CPU.Build.0 = Release|Any CPU
		{5F02BCD3-FB63-443F-ACB1-A79A3063D119}.Debug|Any CPU.ActiveCfg = Debug|Any CPU
		{5F02BCD3-FB63-443F-ACB1-A79A3063D119}.Debug|Any CPU.Build.0 = Debug|Any CPU
		{5F02BCD3-FB63-443F-ACB1-A79A3063D119}.Release|Any CPU.ActiveCfg = Release|Any CPU
		{5F02BCD3-FB63-443F-ACB1-A79A3063D119}.Release|Any CPU.Build.0 = Release|Any CPU
	EndGlobalSection
	GlobalSection(SolutionProperties) = preSolution
		HideSolutionNode = FALSE
	EndGlobalSection
EndGlobal
