
Microsoft Visual Studio Solution File, Format Version 12.00
# Visual Studio 2013
VisualStudioVersion = 12.0.31101.0
MinimumVisualStudioVersion = 10.0.40219.1
Project("{FAE04EC0-301F-11D3-BF4B-00C04F79EFBC}") = "Students", "Students\Students.csproj", "{FD4C7521-B081-4049-953E-D5ABE0E5EC2F}"
EndProject
Project("{FAE04EC0-301F-11D3-BF4B-00C04F79EFBC}") = "PersonTask", "Person\PersonTask.csproj", "{CC82DD57-407D-48CF-8A50-0BBB65F7998E}"
EndProject
Project("{FAE04EC0-301F-11D3-BF4B-00C04F79EFBC}") = "64BitsArray", "64BitsArray\64BitsArray.csproj", "{2D3C9F05-4774-41EA-AF7B-02ED0E29A357}"
EndProject
Global
	GlobalSection(SolutionConfigurationPlatforms) = preSolution
		Debug|Any CPU = Debug|Any CPU
		Release|Any CPU = Release|Any CPU
	EndGlobalSection
	GlobalSection(ProjectConfigurationPlatforms) = postSolution
		{FD4C7521-B081-4049-953E-D5ABE0E5EC2F}.Debug|Any CPU.ActiveCfg = Debug|Any CPU
		{FD4C7521-B081-4049-953E-D5ABE0E5EC2F}.Debug|Any CPU.Build.0 = Debug|Any CPU
		{FD4C7521-B081-4049-953E-D5ABE0E5EC2F}.Release|Any CPU.ActiveCfg = Release|Any CPU
		{FD4C7521-B081-4049-953E-D5ABE0E5EC2F}.Release|Any CPU.Build.0 = Release|Any CPU
		{CC82DD57-407D-48CF-8A50-0BBB65F7998E}.Debug|Any CPU.ActiveCfg = Debug|Any CPU
		{CC82DD57-407D-48CF-8A50-0BBB65F7998E}.Debug|Any CPU.Build.0 = Debug|Any CPU
		{CC82DD57-407D-48CF-8A50-0BBB65F7998E}.Release|Any CPU.ActiveCfg = Release|Any CPU
		{CC82DD57-407D-48CF-8A50-0BBB65F7998E}.Release|Any CPU.Build.0 = Release|Any CPU
		{2D3C9F05-4774-41EA-AF7B-02ED0E29A357}.Debug|Any CPU.ActiveCfg = Debug|Any CPU
		{2D3C9F05-4774-41EA-AF7B-02ED0E29A357}.Debug|Any CPU.Build.0 = Debug|Any CPU
		{2D3C9F05-4774-41EA-AF7B-02ED0E29A357}.Release|Any CPU.ActiveCfg = Release|Any CPU
		{2D3C9F05-4774-41EA-AF7B-02ED0E29A357}.Release|Any CPU.Build.0 = Release|Any CPU
	EndGlobalSection
	GlobalSection(SolutionProperties) = preSolution
		HideSolutionNode = FALSE
	EndGlobalSection
EndGlobal
