
Microsoft Visual Studio Solution File, Format Version 12.00
# Visual Studio 2013
VisualStudioVersion = 12.0.21005.1
MinimumVisualStudioVersion = 10.0.40219.1
Project("{FAE04EC0-301F-11D3-BF4B-00C04F79EFBC}") = "1. Strings in CSharp", "1. Strings in CSharp\1. Strings in CSharp.csproj", "{A82E946B-0784-4667-91A7-EBA63D027DEA}"
EndProject
Project("{FAE04EC0-301F-11D3-BF4B-00C04F79EFBC}") = "2. Reverse string", "2. Reverse string\2. Reverse string.csproj", "{FB353B6E-00FF-4FF0-B024-C4D3ECF650B3}"
EndProject
Project("{FAE04EC0-301F-11D3-BF4B-00C04F79EFBC}") = "4. Sub-string in text", "4. Sub-string in text\4. Sub-string in text.csproj", "{8F658F8E-55E8-434B-BF29-61A734FB59F9}"
EndProject
Project("{FAE04EC0-301F-11D3-BF4B-00C04F79EFBC}") = "5. Parse tags", "5. Parse tags\5. Parse tags.csproj", "{EDABF30C-64C1-4381-B2C8-55E02188A9AE}"
EndProject
Global
	GlobalSection(SolutionConfigurationPlatforms) = preSolution
		Debug|Any CPU = Debug|Any CPU
		Release|Any CPU = Release|Any CPU
	EndGlobalSection
	GlobalSection(ProjectConfigurationPlatforms) = postSolution
		{A82E946B-0784-4667-91A7-EBA63D027DEA}.Debug|Any CPU.ActiveCfg = Debug|Any CPU
		{A82E946B-0784-4667-91A7-EBA63D027DEA}.Debug|Any CPU.Build.0 = Debug|Any CPU
		{A82E946B-0784-4667-91A7-EBA63D027DEA}.Release|Any CPU.ActiveCfg = Release|Any CPU
		{A82E946B-0784-4667-91A7-EBA63D027DEA}.Release|Any CPU.Build.0 = Release|Any CPU
		{FB353B6E-00FF-4FF0-B024-C4D3ECF650B3}.Debug|Any CPU.ActiveCfg = Debug|Any CPU
		{FB353B6E-00FF-4FF0-B024-C4D3ECF650B3}.Debug|Any CPU.Build.0 = Debug|Any CPU
		{FB353B6E-00FF-4FF0-B024-C4D3ECF650B3}.Release|Any CPU.ActiveCfg = Release|Any CPU
		{FB353B6E-00FF-4FF0-B024-C4D3ECF650B3}.Release|Any CPU.Build.0 = Release|Any CPU
		{8F658F8E-55E8-434B-BF29-61A734FB59F9}.Debug|Any CPU.ActiveCfg = Debug|Any CPU
		{8F658F8E-55E8-434B-BF29-61A734FB59F9}.Debug|Any CPU.Build.0 = Debug|Any CPU
		{8F658F8E-55E8-434B-BF29-61A734FB59F9}.Release|Any CPU.ActiveCfg = Release|Any CPU
		{8F658F8E-55E8-434B-BF29-61A734FB59F9}.Release|Any CPU.Build.0 = Release|Any CPU
		{EDABF30C-64C1-4381-B2C8-55E02188A9AE}.Debug|Any CPU.ActiveCfg = Debug|Any CPU
		{EDABF30C-64C1-4381-B2C8-55E02188A9AE}.Debug|Any CPU.Build.0 = Debug|Any CPU
		{EDABF30C-64C1-4381-B2C8-55E02188A9AE}.Release|Any CPU.ActiveCfg = Release|Any CPU
		{EDABF30C-64C1-4381-B2C8-55E02188A9AE}.Release|Any CPU.Build.0 = Release|Any CPU
	EndGlobalSection
	GlobalSection(SolutionProperties) = preSolution
		HideSolutionNode = FALSE
	EndGlobalSection
EndGlobal
